
Microsoft Visual Studio Solution File, Format Version 12.00
# Visual Studio Version 17
VisualStudioVersion = 17.10.35013.160
MinimumVisualStudioVersion = 10.0.40219.1
Project("{FAE04EC0-301F-11D3-BF4B-00C04F79EFBC}") = "Lens Studio", "Lens Studio.csproj", "{ABDF6219-FB57-415E-AABD-92ADC8E6EC6D}"
EndProject
Global
	GlobalSection(SolutionConfigurationPlatforms) = preSolution
		Debug|Any CPU = Debug|Any CPU
		Release|Any CPU = Release|Any CPU
	EndGlobalSection
	GlobalSection(ProjectConfigurationPlatforms) = postSolution
		{ABDF6219-FB57-415E-AABD-92ADC8E6EC6D}.Debug|Any CPU.ActiveCfg = Debug|Any CPU
		{ABDF6219-FB57-415E-AABD-92ADC8E6EC6D}.Debug|Any CPU.Build.0 = Debug|Any CPU
		{ABDF6219-FB57-415E-AABD-92ADC8E6EC6D}.Release|Any CPU.ActiveCfg = Release|Any CPU
		{ABDF6219-FB57-415E-AABD-92ADC8E6EC6D}.Release|Any CPU.Build.0 = Release|Any CPU
	EndGlobalSection
	GlobalSection(SolutionProperties) = preSolution
		HideSolutionNode = FALSE
	EndGlobalSection
	GlobalSection(ExtensibilityGlobals) = postSolution
		SolutionGuid = {C76F12AA-314B-4C3F-8A0B-9AA39A184411}
	EndGlobalSection
EndGlobal
